
Microsoft Visual Studio Solution File, Format Version 12.00
# Visual Studio Version 17
VisualStudioVersion = 17.3.32922.545
MinimumVisualStudioVersion = 10.0.40219.1
Project("{8BC9CEB8-8B4A-11D0-8D11-00A0C91BC942}") = "AP_Lab12.4rec", "AP_Lab12.4rec\AP_Lab12.4rec.vcxproj", "{DEE86108-2428-4174-82C4-7933848E3B37}"
EndProject
Project("{8BC9CEB8-8B4A-11D0-8D11-00A0C91BC942}") = "UnitTest2", "UnitTest2\UnitTest2.vcxproj", "{4B509414-6A12-46DD-96A0-22AAA12772DE}"
EndProject
Global
	GlobalSection(SolutionConfigurationPlatforms) = preSolution
		Debug|x64 = Debug|x64
		Debug|x86 = Debug|x86
		Release|x64 = Release|x64
		Release|x86 = Release|x86
	EndGlobalSection
	GlobalSection(ProjectConfigurationPlatforms) = postSolution
		{DEE86108-2428-4174-82C4-7933848E3B37}.Debug|x64.ActiveCfg = Debug|x64
		{DEE86108-2428-4174-82C4-7933848E3B37}.Debug|x64.Build.0 = Debug|x64
		{DEE86108-2428-4174-82C4-7933848E3B37}.Debug|x86.ActiveCfg = Debug|Win32
		{DEE86108-2428-4174-82C4-7933848E3B37}.Debug|x86.Build.0 = Debug|Win32
		{DEE86108-2428-4174-82C4-7933848E3B37}.Release|x64.ActiveCfg = Release|x64
		{DEE86108-2428-4174-82C4-7933848E3B37}.Release|x64.Build.0 = Release|x64
		{DEE86108-2428-4174-82C4-7933848E3B37}.Release|x86.ActiveCfg = Release|Win32
		{DEE86108-2428-4174-82C4-7933848E3B37}.Release|x86.Build.0 = Release|Win32
		{4B509414-6A12-46DD-96A0-22AAA12772DE}.Debug|x64.ActiveCfg = Debug|x64
		{4B509414-6A12-46DD-96A0-22AAA12772DE}.Debug|x64.Build.0 = Debug|x64
		{4B509414-6A12-46DD-96A0-22AAA12772DE}.Debug|x86.ActiveCfg = Debug|Win32
		{4B509414-6A12-46DD-96A0-22AAA12772DE}.Debug|x86.Build.0 = Debug|Win32
		{4B509414-6A12-46DD-96A0-22AAA12772DE}.Release|x64.ActiveCfg = Release|x64
		{4B509414-6A12-46DD-96A0-22AAA12772DE}.Release|x64.Build.0 = Release|x64
		{4B509414-6A12-46DD-96A0-22AAA12772DE}.Release|x86.ActiveCfg = Release|Win32
		{4B509414-6A12-46DD-96A0-22AAA12772DE}.Release|x86.Build.0 = Release|Win32
	EndGlobalSection
	GlobalSection(SolutionProperties) = preSolution
		HideSolutionNode = FALSE
	EndGlobalSection
	GlobalSection(ExtensibilityGlobals) = postSolution
		SolutionGuid = {5980599B-A8A7-4085-98DE-2C0EBE2FC9DA}
	EndGlobalSection
EndGlobal
